
Microsoft Visual Studio Solution File, Format Version 12.00
# Visual Studio Version 17
VisualStudioVersion = 17.10.35122.118
MinimumVisualStudioVersion = 10.0.40219.1
Project("{FAE04EC0-301F-11D3-BF4B-00C04F79EFBC}") = "ShoppingCart", "ShoppingCart.csproj", "{79415B26-6D4A-4DC3-84AF-20159100F3CB}"
EndProject
Global
	GlobalSection(SolutionConfigurationPlatforms) = preSolution
		Debug|Any CPU = Debug|Any CPU
		Release|Any CPU = Release|Any CPU
	EndGlobalSection
	GlobalSection(ProjectConfigurationPlatforms) = postSolution
		{79415B26-6D4A-4DC3-84AF-20159100F3CB}.Debug|Any CPU.ActiveCfg = Debug|Any CPU
		{79415B26-6D4A-4DC3-84AF-20159100F3CB}.Debug|Any CPU.Build.0 = Debug|Any CPU
		{79415B26-6D4A-4DC3-84AF-20159100F3CB}.Release|Any CPU.ActiveCfg = Release|Any CPU
		{79415B26-6D4A-4DC3-84AF-20159100F3CB}.Release|Any CPU.Build.0 = Release|Any CPU
	EndGlobalSection
	GlobalSection(SolutionProperties) = preSolution
		HideSolutionNode = FALSE
	EndGlobalSection
	GlobalSection(ExtensibilityGlobals) = postSolution
		SolutionGuid = {5C57ABE7-91FD-435E-92F5-A869C2EB6D1B}
	EndGlobalSection
EndGlobal
